cloud.google.com/go v0.26.0/go.mod h1:aQUYkXzVsufM+DwF1aE+0xfcU+56JwCaLick0ClmMTw=
cloud.google.com/go v0.34.0 h1:eOI3/cP2VTU6uZLDYAoic+eyzzB9YyGmJ7eIjl8rOPg=
cloud.google.com/go v0.34.0/go.mod h1:aQUYkXzVsufM+DwF1aE+0xfcU+56JwCaLick0ClmMTw=
cloud.google.com/go v0.38.0 h1:ROfEUZz+Gh5pa62DJWXSaonyu3StP6EA6lPEXPI6mCo=
cloud.google.com/go v0.38.0/go.mod h1:990N+gfupTy94rShfmMCWGDn0LpTmnzTp2qbd1dvSRU=
cloud.google.com/go v0.39.0 h1:UgQP9na6OTfp4dsAiz/eFpFA1C6tPdH5wiRdi19tuMw=
cloud.google.com/go v0.39.0/go.mod h1:rVLT6fkc8chs9sfPtFc1SBH6em7n+ZoXaG+87tDISts=
contrib.go.opencensus.io/exporter/stackdriver v0.11.1 h1:vs1vKaR13vgokRuLL+pF7fm5gxe9OEaOX+7KhXmh5cc=
contrib.go.opencensus.io/exporter/stackdriver v0.11.1/go.mod h1:OVGcYsPSBQnQONDG+Gn3WiwIp6K+wL73TUjVEFb9iAI=
contrib.go.opencensus.io/resource v0.0.0-20190131005048-21591786a5e0 h1:ICrSnXeuT4427bpR8X9I7GxiyT4X5qgLtFT7m1IjK2c=
contrib.go.opencensus.io/resource v0.0.0-20190131005048-21591786a5e0/go.mod h1:F361eGI91LCmW1I/Saf+rX0+OFcigGlFvXwEGEnkRLA=
github.com/BurntSushi/toml v0.3.1/go.mod h1:xHWCNGjB5oqiDr8zfno3MHue2Ht5sIBksp03qcyfWMU=
github.com/DataDog/datadog-go v2.2.1-0.20190425163447-40bafcb5f6c1+incompatible h1:+/ECy3XyEOUTZpQBLOW7Kejio5y5Ae5FD3NMOFCqc0Y=
github.com/DataDog/datadog-go v2.2.1-0.20190425163447-40bafcb5f6c1+incompatible/go.mod h1:LButxg5PwREeZtORoXG3tL4fMGNddJ+vMq1mwgfaqoQ=
github.com/DataDog/opencensus-go-exporter-datadog v0.0.0-20190503082300-0f32ad59ab08 h1:5btKvK+N+FpW0EEgvxq7LWcUEwIRLsL4IwIo0u+Qlhs=
github.com/DataDog/opencensus-go-exporter-datadog v0.0.0-20190503082300-0f32ad59ab08/go.mod h1:gMGUEe16aZh0QN941HgDjwrdjU4iTthPoz2/AtDRADE=
github.com/aws/aws-sdk-go v1.19.18/go.mod h1:KmX6BPdI08NWTb3/sm4ZGu5ShLoqVDhKgpiN924inxo=
github.com/aws/aws-sdk-go v1.19.36 h1:NF8Y21Db3/SKAyRVyEFM7eEOe79eRabqD0pNvlIy+Ec=
github.com/aws/aws-sdk-go v1.19.36/go.mod h1:KmX6BPdI08NWTb3/sm4ZGu5ShLoqVDhKgpiN924inxo=
github.com/census-instrumentation/opencensus-proto v0.2.0 h1:LzQXZOgg4CQfE6bFvXGM30YZL1WW/M337pXml+GrcZ4=
github.com/census-instrumentation/opencensus-proto v0.2.0/go.mod h1:f6KPmirojxKA12rnyqOA5BBL4O983OfeGPqjHWSTneU=
github.com/client9/misspell v0.3.4/go.mod h1:qj6jICC3Q7zFZvVWo7KLAzC3yx5G7kyvSDkc90ppPyw=
github.com/cweill/gotests v1.5.4-0.20190630173305-a871e1d1c88b h1:7+3XEdOyyyhWBYIKGjCyF7ZfbjSKRvGVUYU3+52U8uA=
github.com/cweill/gotests v1.5.4-0.20190630173305-a871e1d1c88b/go.mod h1:XZYOJkGVkCRoymaIzmp9Wyi3rUgfA3oOnkuljYrjFV8=
github.com/davecgh/go-spew v1.1.0/go.mod h1:J7Y8YcW2NihsgmVo/mv3lAwl/skON4iLHjSsI+c5H38=
github.com/davecgh/go-spew v1.1.1 h1:vj9j/u1bqnvCEfJOwUhtlOARqs3+rkHYY13jYWTU97c=
github.com/davecgh/go-spew v1.1.1/go.mod h1:J7Y8YcW2NihsgmVo/mv3lAwl/skON4iLHjSsI+c5H38=
github.com/derekparker/delve v0.12.3-0.20170419170936-92dad944d7e0 h1:fUjwAKXJYqxxS5IifZ/BbQtsnLJlSLgDeQpPZxL0IdA=
github.com/derekparker/delve v0.12.3-0.20170419170936-92dad944d7e0/go.mod h1:pMSZMfp0Nhbm8qdZJkuE/yPGOkLpGXLS1I4poXQpuJU=
github.com/fatih/color v1.6.0 h1:66qjqZk8kalYAvDRtM1AdAJQI0tj4Wrue3Eq3B3pmFU=
github.com/fatih/color v1.6.0/go.mod h1:Zm6kSWBoL9eyXnKyktHP6abPY2pDugNf5KwzbycvMj4=
github.com/golang/glog v0.0.0-20160126235308-23def4e6c14b h1:VKtxabqXZkF25pY9ekfRL6a582T4P37/31XEstQ5p58=
github.com/golang/glog v0.0.0-20160126235308-23def4e6c14b/go.mod h1:SBH7ygxi8pfUlaOkMMuAQtPIUF8ecWP5IEl/CR7VP2Q=
github.com/golang/mock v1.1.1/go.mod h1:oTYuIxOrZwtPieC+H1uAHpcLFnEyAGVDL/k47Jfbm0A=
github.com/golang/mock v1.2.0 h1:28o5sBqPkBsMGnC6b4MvE2TzSr5/AT4c/1fLqVGIwlk=
github.com/golang/mock v1.2.0/go.mod h1:oTYuIxOrZwtPieC+H1uAHpcLFnEyAGVDL/k47Jfbm0A=
github.com/golang/protobuf v1.2.0/go.mod h1:6lQm79b+lXiMfvg/cZm0SGofjICqVBUtrP5yJMmIC1U=
github.com/golang/protobuf v1.3.1 h1:YF8+flBXS5eO826T4nzqPrxfhQThhXl0YzfuUPu4SBg=
github.com/golang/protobuf v1.3.1/go.mod h1:6lQm79b+lXiMfvg/cZm0SGofjICqVBUtrP5yJMmIC1U=
github.com/google/btree v0.0.0-20180813153112-4030bb1f1f0c/go.mod h1:lNA+9X1NB3Zf8V7Ke586lFgjr2dZNuvo3lPJSGZ5JPQ=
github.com/google/go-cmp v0.2.0/go.mod h1:oXzfMopK8JAjlY9xF4vHSVASa0yLyX7SntLO5aqRK0M=
github.com/google/go-cmp v0.3.0 h1:crn/baboCvb5fXaQ0IJ1SGTsTVrWpDsCWC8EGETZijY=
github.com/google/go-cmp v0.3.0/go.mod h1:8QqcDgzrUqlUb/G2PQTWiueGozuR1884gddMywk6iLU=
github.com/google/martian v2.1.0+incompatible h1:/CP5g8u/VJHijgedC/Legn3BAbAaWPgecwXBIDzw5no=
github.com/google/martian v2.1.0+incompatible/go.mod h1:9I4somxYTbIHy5NJKHRl3wXiIaQGbYVAs8BPL6v8lEs=
github.com/google/pprof v0.0.0-20181206194817-3ea8567a2e57/go.mod h1:zfwlbNMJ+OItoe0UupaVj+oy1omPYYDuagoSzA8v9mc=
github.com/google/pprof v0.0.0-20190404155422-f8f10df84213 h1:y77GPNuZbqlt3/OjKA9yysnnxxqW+XwLaGY3ol9Mgmc=
github.com/google/pprof v0.0.0-20190404155422-f8f10df84213/go.mod h1:zfwlbNMJ+OItoe0UupaVj+oy1omPYYDuagoSzA8v9mc=
github.com/googleapis/gax-go/v2 v2.0.4 h1:hU4mGcQI4DaAYW+IbTun+2qEZVFxK0ySjQLTbS0VQKc=
github.com/googleapis/gax-go/v2 v2.0.4/go.mod h1:0Wqv26UfaUD9n4G6kQubkQ+KchISgw+vpHVxEJEs9eg=
github.com/hashicorp/golang-lru v0.5.0/go.mod h1:/m3WP610KZHVQ1SGc6re/UDhFvYD7pJ4Ao+sR/qLZy8=
github.com/hashicorp/golang-lru v0.5.1 h1:0hERBMJE1eitiLkihrMvRVBYAkpHzc/J3QdDN+dAcgU=
github.com/hashicorp/golang-lru v0.5.1/go.mod h1:/m3WP610KZHVQ1SGc6re/UDhFvYD7pJ4Ao+sR/qLZy8=
github.com/haya14busa/errorformat v0.0.0-20180607161917-689b7d67b7a8 h1:PWjuWhRwYiC8LiS4MmRfhA0bovj56VK3uJ1lSGkXkSo=
github.com/haya14busa/errorformat v0.0.0-20180607161917-689b7d67b7a8/go.mod h1:TNvdwGsVM9pBShG9giP++XhdzBWSSKnvNAO9K7ERnyw=
github.com/hokaccha/go-prettyjson v0.0.0-20180920040306-f579f869bbfe h1:MCgzztuoH5LZNr9AkIaicIDvCfACu11KUCCZQnRHDC0=
github.com/hokaccha/go-prettyjson v0.0.0-20180920040306-f579f869bbfe/go.mod h1:pFlLw2CfqZiIBOx6BuCeRLCrfxBJipTY0nIOF/VbGcI=
github.com/jmespath/go-jmespath v0.0.0-20180206201540-c2b33e8439af h1:pmfjZENx5imkbgOkpRUYLnmbU7UEFbjtDA2hxJ1ichM=
github.com/jmespath/go-jmespath v0.0.0-20180206201540-c2b33e8439af/go.mod h1:Nht3zPeWKUH0NzdCt2Blrr5ys8VGpn0CEB0cQHVjt7k=
github.com/jstemmer/go-junit-report v0.0.0-20190106144839-af01ea7f8024/go.mod h1:6v2b51hI/fHJwM22ozAgKL4VKDeJcHhJFhtBdhmNjmU=
github.com/kelseyhightower/envconfig v1.3.1-0.20180517194557-dd1402a4d99d h1:sFGQ0Cy3jrG5VX8eCfov6BzNxlwxDH/Cgmid1Zmblhk=
github.com/kelseyhightower/envconfig v1.3.1-0.20180517194557-dd1402a4d99d/go.mod h1:cccZRl6mQpaq41TPp5QxidR+Sa3axMbJDNb//FQX6Gg=
github.com/kr/pretty v0.1.0 h1:L/CwN0zerZDmRFUapSPitk6f+Q3+0za1rQkzVuMiMFI=
github.com/kr/pretty v0.1.0/go.mod h1:dAy3ld7l9f0ibDNOQOHHMYYIIbhfbHSm3C4ZsoJORNo=
github.com/kr/pty v1.1.1/go.mod h1:pFQYn66WHrOpPYNljwOMqo10TkYh1fy3cYio2l3bCsQ=
github.com/kr/text v0.1.0 h1:45sCR5RtlFHMR4UwH9sdQ5TC8v0qDQCHnXt+kaKSTVE=
github.com/kr/text v0.1.0/go.mod h1:4Jbv+DJW3UT/LiOwJeYQe1efqtUx/iVham/4vfdArNI=
github.com/mattn/go-colorable v0.1.2 h1:/bC9yWikZXAL9uJdulbSfyVNIR3n3trXl+v8+1sx8mU=
github.com/mattn/go-colorable v0.1.2/go.mod h1:U0ppj6V5qS13XJ6of8GYAs25YV2eR4EVcfRqFIhoBtE=
github.com/mattn/go-isatty v0.0.8 h1:HLtExJ+uU2HOZ+wI0Tt5DtUDrx8yhUqDcp7fYERX4CE=
github.com/mattn/go-isatty v0.0.8/go.mod h1:Iq45c/XA43vh69/j3iqttzPXn0bhXyGjM0Hdxcsrc5s=
github.com/mattn/go-runewidth v0.0.3/go.mod h1:LwmH8dsx7+W8Uxz3IHJYH5QSwggIsqBzpuz5H//U1FU=
github.com/mattn/go-runewidth v0.0.4 h1:2BvfKmzob6Bmd4YsL0zygOqfdFnK7GR4QL06Do4/p7Y=
github.com/mattn/go-runewidth v0.0.4/go.mod h1:LwmH8dsx7+W8Uxz3IHJYH5QSwggIsqBzpuz5H//U1FU=
github.com/motemen/go-astmanip v0.0.0-20160104081417-d6ad31f02153 h1:oExFz18mz6SKTrUbIfCNoEPAHB55IO0BBBySIpsIWDg=
github.com/motemen/go-astmanip v0.0.0-20160104081417-d6ad31f02153/go.mod h1:8vSfxXOEJk8FwCYu/TGd0GwcApDFnt6VuG7iVx4CIms=
github.com/neovim/go-client v1.0.1-0.20190523061612-8fe551ab1036 h1:4pXWHqQBGxXTZkltev/M4gC4+5yiMe/ejgUHeuXlj2g=
github.com/neovim/go-client v1.0.1-0.20190523061612-8fe551ab1036/go.mod h1:cHx8fl6EhCgSA/pyKeVtyl3o6UzgE31ADtc+bx3JpKg=
github.com/peterh/liner v1.1.0 h1:f+aAedNJA6uk7+6rXsYBnhdo4Xux7ESLe+kcuVUF5os=
github.com/peterh/liner v1.1.0/go.mod h1:CRroGNssyjTd/qIG2FyxByd2S8JEAZXBl4qUrZf8GS0=
github.com/philhofer/fwd v1.0.0 h1:UbZqGr5Y38ApvM/V/jEljVxwocdweyH+vmYvRPBnbqQ=
github.com/philhofer/fwd v1.0.0/go.mod h1:gk3iGcWd9+svBvR0sR+KPcfE+RNWozjowpeBVG3ZVNU=
github.com/pkg/errors v0.8.1 h1:iURUrRGxPUNPdy5/HRSm+Yj6okJ6UtLINN0Q9M4+h3I=
github.com/pkg/errors v0.8.1/go.mod h1:bwawxfHBFNV+L2hUp1rHADufV3IMtnDRdf1r5NINEl0=
github.com/pkg/profile v1.2.1 h1:F++O52m40owAmADcojzM+9gyjmMOY/T4oYJkgFDH8RE=
github.com/pkg/profile v1.2.1/go.mod h1:hJw3o1OdXxsrSjjVksARp5W95eeEaEfptyVZyv6JUPA=
github.com/pmezard/go-difflib v1.0.0 h1:4DBwDE0NGyQoBHbLQYPwSUPoCMWR5BEzIk/f1lZbAQM=
github.com/pmezard/go-difflib v1.0.0/go.mod h1:iKH77koFhYxTK1pcRnkKkqfTogsbg7gZNVY4sRDYZ/4=
github.com/stretchr/objx v0.1.0/go.mod h1:HFkY916IF+rwdDfMAkV7OtwuqBVzrE8GR6GFx+wExME=
github.com/stretchr/testify v1.3.0 h1:TivCn/peBQ7UY8ooIcPgZFpTNSz0Q2U6UrFlUfqbe0Q=
github.com/stretchr/testify v1.3.0/go.mod h1:M5WIy9Dh21IEIfnGCwXGc5bZfKNJtfHm1UVUgZn+9EI=
github.com/tinylib/msgp v1.1.0 h1:9fQd+ICuRIu/ue4vxJZu6/LzxN0HwMds2nq/0cFvxHU=
github.com/tinylib/msgp v1.1.0/go.mod h1:+d+yLhGm8mzTaHzB+wgMYrodPfmZrzkirds8fDWklFE=
github.com/zchee/color/v2 v2.0.3 h1:XSo8giTB36JSLavfbH4EiwNX3FhTxLWFICr149c3IMY=
github.com/zchee/color/v2 v2.0.3/go.mod h1:D2iNhpH0KR90leetLUyR2dzdfy+5hCCY0ylvFZYs8fw=
github.com/zchee/go-xdgbasedir v1.0.3 h1:loLl3qosOHcMSCtV9ciISdjEQuXcj56BYccRNBvQKDY=
github.com/zchee/go-xdgbasedir v1.0.3/go.mod h1:Ta5nXXeucstQZw/DpFneOcG3OF8i3pxPTqda2w+nyc8=
go.opencensus.io v0.21.0 h1:mU6zScU4U1YAFPHEHYk+3JC4SY7JxgkqS10ZOSyksNg=
go.opencensus.io v0.21.0/go.mod h1:mSImk1erAIZhrmZN+AvHh14ztQfjbGwt4TtuofqLduU=
go.uber.org/atomic v1.3.3-0.20190226011305-5328d69c76a9 h1:Og5ztyINmWtC/0/YFxAvfJUCqmSw6DT/ZlKPHRkNlXY=
go.uber.org/atomic v1.3.3-0.20190226011305-5328d69c76a9/go.mod h1:gD2HeocX3+yG+ygLZcrzQJaqmWj9AIm7n08wl/qW/PE=
go.uber.org/multierr v1.1.1-0.20180122172545-ddea229ff1df h1:ijDSp1iOMDAWixcZLxdmOBE0N7YTvtV4s2HWE3U1CoQ=
go.uber.org/multierr v1.1.1-0.20180122172545-ddea229ff1df/go.mod h1:wR5kodmAFQ0UK8QlbwjlSNy0Z68gJhDJUG5sjR94q/0=
go.uber.org/zap v1.9.2-0.20190327195448-badef736563f h1:Tb/GTrE/YsUsPsOWFHGB78kqp/PE3ArdQOHc9c3j1+w=
go.uber.org/zap v1.9.2-0.20190327195448-badef736563f/go.mod h1:vwi/ZaCAaUcBkycHslxD9B2zi4UTXhF60s6SWpuDF0Q=
golang.org/x/arch v0.0.0-20170711125641-f40095975f84 h1:QjHHySjwj1TeIO5aW7v6mshiiEFBJYAEquPV2GO0Eug=
golang.org/x/arch v0.0.0-20170711125641-f40095975f84/go.mod h1:cYlCBUl1MsqxdiKgmc4uh7TxZfWSFLOGSRR090WDxt8=
golang.org/x/crypto v0.0.0-20190308221718-c2843e01d9a2 h1:VklqNMn3ovrHsnt90PveolxSbWFaJdECFbxSq0Mqo2M=
golang.org/x/crypto v0.0.0-20190308221718-c2843e01d9a2/go.mod h1:djNgcEr1/C05ACkg1iLfiJU5Ep61QUkGW8qpdssI0+w=
golang.org/x/debug v0.0.0-20160621010512-fb508927b491 h1:EIQu6TzVzGJy4bbxxIOZ2rPvmktoK110fIH2HVHtiMg=
golang.org/x/debug v0.0.0-20160621010512-fb508927b491/go.mod h1:bdN+xHe0GIjATfCHYCNOgWzrJGJ9nRN/0/xyGGdNmDE=
golang.org/x/exp v0.0.0-20190121172915-509febef88a4 h1:c2HOrn5iMezYjSlGPncknSEr/8x5LELb/ilJbXi9DEA=
golang.org/x/exp v0.0.0-20190121172915-509febef88a4/go.mod h1:CJ0aWSM057203Lf6IL+f9T1iT9GByDxfZKAQTCR3kQA=
golang.org/x/exp/errors v0.0.0-20190221220918-438050ddec5e h1:6+3xZwYI5qnHUnpMiBtgKWU+sQIL5PJUV9iIne7sq3k=
golang.org/x/exp/errors v0.0.0-20190221220918-438050ddec5e/go.mod h1:YgqsNsAu4fTvlab/7uiYK9LJrCIzKg/NiZUIH1/ayqo=
golang.org/x/lint v0.0.0-20181026193005-c67002cb31c3/go.mod h1:UVdnD1Gm6xHRNCYTkRU2/jEulfH38KcIWyp/GAMgvoE=
golang.org/x/lint v0.0.0-20190227174305-5b3e6a55c961/go.mod h1:wehouNa3lNwaWXcvxsM5YxQ5yQlVC4a0KAMCusXpPoU=
golang.org/x/lint v0.0.0-20190301231843-5614ed5bae6f/go.mod h1:UVdnD1Gm6xHRNCYTkRU2/jEulfH38KcIWyp/GAMgvoE=
golang.org/x/lint v0.0.0-20190313153728-d0100b6bd8b3/go.mod h1:6SW0HCj/g11FgYtHlgUYUwCkIfeOF89ocIRzGO/8vkc=
golang.org/x/lint v0.0.0-20190409202823-959b441ac422 h1:QzoH/1pFpZguR8NrRHLcO6jKqfv2zpuSqZLgdm7ZmjI=
golang.org/x/lint v0.0.0-20190409202823-959b441ac422/go.mod h1:6SW0HCj/g11FgYtHlgUYUwCkIfeOF89ocIRzGO/8vkc=
golang.org/x/net v0.0.0-20180724234803-3673e40ba225/go.mod h1:mL1N/T3taQHkDXs73rZJwtUhF3w3ftmwwsq0BUmARs4=
golang.org/x/net v0.0.0-20180826012351-8a410e7b638d/go.mod h1:mL1N/T3taQHkDXs73rZJwtUhF3w3ftmwwsq0BUmARs4=
golang.org/x/net v0.0.0-20190108225652-1e06a53dbb7e h1:bRhVy7zSSasaqNksaRZiA5EEI+Ei4I1nO5Jh72wfHlg=
golang.org/x/net v0.0.0-20190108225652-1e06a53dbb7e/go.mod h1:mL1N/T3taQHkDXs73rZJwtUhF3w3ftmwwsq0BUmARs4=
golang.org/x/net v0.0.0-20190213061140-3a22650c66bd/go.mod h1:mL1N/T3taQHkDXs73rZJwtUhF3w3ftmwwsq0BUmARs4=
golang.org/x/net v0.0.0-20190311183353-d8887717615a/go.mod h1:t9HGtf8HONx5eT2rtn7q6eTqICYqUVnKs3thJo3Qplg=
golang.org/x/net v0.0.0-20190424112056-4829fb13d2c6/go.mod h1:t9HGtf8HONx5eT2rtn7q6eTqICYqUVnKs3thJo3Qplg=
golang.org/x/net v0.0.0-20190620200207-3b0461eec859 h1:R/3boaszxrf1GEUWTVDzSKVwLmSJpwZ1yqXm8j0v2QI=
golang.org/x/net v0.0.0-20190620200207-3b0461eec859/go.mod h1:z5CRVTTTmAJ677TzLLGU+0bjPO0LkuOLi4/5GtJWs/s=
golang.org/x/oauth2 v0.0.0-20180821212333-d2e6202438be/go.mod h1:N/0e6XlmueqKjAGxoOufVs8QHGRruUQn6yWY3a++T0U=
golang.org/x/oauth2 v0.0.0-20190226205417-e64efc72b421/go.mod h1:gOpvHmFTYa4IltrdGE7lF6nIHvwfUNPOp7c8zoXwtLw=
golang.org/x/oauth2 v0.0.0-20190402181905-9f3314589c9a/go.mod h1:gOpvHmFTYa4IltrdGE7lF6nIHvwfUNPOp7c8zoXwtLw=
golang.org/x/oauth2 v0.0.0-20190517181255-950ef44c6e07 h1:XC1K3wNjuz44KaI+cj85C9TW85w/46RH7J+DTXNH5Wk=
golang.org/x/oauth2 v0.0.0-20190517181255-950ef44c6e07/go.mod h1:gOpvHmFTYa4IltrdGE7lF6nIHvwfUNPOp7c8zoXwtLw=
golang.org/x/sync v0.0.0-20180314180146-1d60e4601c6f/go.mod h1:RxMgew5VJxzue5/jJTE5uejpjVlOe/izrB70Jof72aM=
golang.org/x/sync v0.0.0-20181108010431-42b317875d0f/go.mod h1:RxMgew5VJxzue5/jJTE5uejpjVlOe/izrB70Jof72aM=
golang.org/x/sync v0.0.0-20181221193216-37e7f081c4d4/go.mod h1:RxMgew5VJxzue5/jJTE5uejpjVlOe/izrB70Jof72aM=
golang.org/x/sync v0.0.0-20190227155943-e225da77a7e6/go.mod h1:RxMgew5VJxzue5/jJTE5uejpjVlOe/izrB70Jof72aM=
golang.org/x/sync v0.0.0-20190423024810-112230192c58 h1:8gQV6CLnAEikrhgkHFbMAEhagSSnXWGV915qUMm9mrU=
golang.org/x/sync v0.0.0-20190423024810-112230192c58/go.mod h1:RxMgew5VJxzue5/jJTE5uejpjVlOe/izrB70Jof72aM=
golang.org/x/sys v0.0.0-20180830151530-49385e6e1522/go.mod h1:STP8DvDyc/dI5b8T5hshtkjS+E42TnysNCUPdjciGhY=
golang.org/x/sys v0.0.0-20190215142949-d0b11bdaac8a/go.mod h1:STP8DvDyc/dI5b8T5hshtkjS+E42TnysNCUPdjciGhY=
golang.org/x/sys v0.0.0-20190222072716-a9d3bda3a223/go.mod h1:STP8DvDyc/dI5b8T5hshtkjS+E42TnysNCUPdjciGhY=
golang.org/x/sys v0.0.0-20190614084037-d442b75600c5 h1:tQrtnaPeNyfkuD2UMixVD6lAa7WngkIFvtWcdzNeq80=
golang.org/x/sys v0.0.0-20190614084037-d442b75600c5/go.mod h1:h1NjWce9XRLGQEsW7wpKNCjG9DtNlClVuFLEZdDNbEs=
golang.org/x/sys v0.0.0-20190626221950-04f50cda93cb h1:fgwFCsaw9buMuxNd6+DQfAuSFqbNiQZpcgJQAgJsK6k=
golang.org/x/sys v0.0.0-20190626221950-04f50cda93cb/go.mod h1:h1NjWce9XRLGQEsW7wpKNCjG9DtNlClVuFLEZdDNbEs=
golang.org/x/text v0.3.0/go.mod h1:NqM8EUOU14njkJ3fqMW+pc6Ldnwhi/IjpwHt7yyuwOQ=
golang.org/x/text v0.3.1-0.20180807135948-17ff2d5776d2/go.mod h1:NqM8EUOU14njkJ3fqMW+pc6Ldnwhi/IjpwHt7yyuwOQ=
golang.org/x/text v0.3.2 h1:tW2bmiBqwgJj/UpqtC8EpXEZVYOwU0yG4iWbprSVAcs=
golang.org/x/text v0.3.2/go.mod h1:bEr9sfX3Q8Zfm5fL9x+3itogRgK3+ptLWKqgva+5dAk=
golang.org/x/time v0.0.0-20181108054448-85acf8d2951c/go.mod h1:tRJNPiyCQ0inRvYxbN9jk5I+vvW/OXSQhTDSoE431IQ=
golang.org/x/tools v0.0.0-20180917221912-90fa682c2a6e h1:FDhOuMEY4JVRztM/gsbk+IKUQ8kj74bxZrgw87eMMVc=
golang.org/x/tools v0.0.0-20180917221912-90fa682c2a6e/go.mod h1:n7NCudcB/nEzxVGmLbDWY5pfWTLqBcC2KZ6jyYvM4mQ=
golang.org/x/tools v0.0.0-20190114222345-bf090417da8b/go.mod h1:n7NCudcB/nEzxVGmLbDWY5pfWTLqBcC2KZ6jyYvM4mQ=
golang.org/x/tools v0.0.0-20190226205152-f727befe758c/go.mod h1:9Yl7xja0Znq3iFh3HoIrodX9oNMXvdceNzlUR8zjMvY=
golang.org/x/tools v0.0.0-20190311212946-11955173bddd/go.mod h1:LCzVGOaR6xXOjkQ3onu1FJEFr0SW1gC7cKk1uF8kGRs=
golang.org/x/tools v0.0.0-20190312170243-e65039ee4138 h1:H3uGjxCR/6Ds0Mjgyp7LMK81+LvmbvWWEnJhzk1Pi9E=
golang.org/x/tools v0.0.0-20190312170243-e65039ee4138/go.mod h1:LCzVGOaR6xXOjkQ3onu1FJEFr0SW1gC7cKk1uF8kGRs=
golang.org/x/tools v0.0.0-20190920225731-5eefd052ad72 h1:bw9doJza/SFBEweII/rHQh338oozWyiFsBRHtrflcws=
golang.org/x/tools v0.0.0-20190920225731-5eefd052ad72/go.mod h1:b+2E5dAYhXwXZwtnZ6UAqBI28+e2cm9otk0dWdXHAEo=
golang.org/x/xerrors v0.0.0-20190717185122-a985d3407aa7/go.mod h1:I/5z698sn9Ka8TeJc9MKroUUfqBBauWjQqLJ2OPfmY0=
google.golang.org/api v0.4.0 h1:KKgc1aqhV8wDPbDzlDtpvyjZFY3vjz85FP7p4wcQUyI=
google.golang.org/api v0.4.0/go.mod h1:8k5glujaEP+g9n7WNsDg8QP6cUVNI86fCNMcbazEtwE=
google.golang.org/api v0.5.0 h1:lj9SyhMzyoa38fgFF0oO2T6pjs5IzkLPKfVtxpyCRMM=
google.golang.org/api v0.5.0/go.mod h1:8k5glujaEP+g9n7WNsDg8QP6cUVNI86fCNMcbazEtwE=
google.golang.org/appengine v1.1.0/go.mod h1:EbEs0AVv82hx2wNQdGPgUI5lhzA/G0D9YwlJXL52JkM=
google.golang.org/appengine v1.4.0/go.mod h1:xpcJRLb0r/rnEns0DIKYYv+WjYCduHsrkT7/EB5XEv4=
google.golang.org/appengine v1.6.0 h1:Tfd7cKwKbFRsI8RMAD3oqqw7JPFRrvFlOsfbgVkjOOw=
google.golang.org/appengine v1.6.0/go.mod h1:xpcJRLb0r/rnEns0DIKYYv+WjYCduHsrkT7/EB5XEv4=
google.golang.org/genproto v0.0.0-20180817151627-c66870c02cf8/go.mod h1:JiN7NxoALGmiZfu7CAH4rXhgtRTLTxftemlI0sWmxmc=
google.golang.org/genproto v0.0.0-20190307195333-5fe7a883aa19/go.mod h1:VzzqZJRnGkLBvHegQrXjBqPurQTc5/KpmUdxsrq26oE=
google.golang.org/genproto v0.0.0-20190418145605-e7d98fc518a7/go.mod h1:VzzqZJRnGkLBvHegQrXjBqPurQTc5/KpmUdxsrq26oE=
google.golang.org/genproto v0.0.0-20190425155659-357c62f0e4bb/go.mod h1:VzzqZJRnGkLBvHegQrXjBqPurQTc5/KpmUdxsrq26oE=
google.golang.org/genproto v0.0.0-20190508193815-b515fa19cec8/go.mod h1:VzzqZJRnGkLBvHegQrXjBqPurQTc5/KpmUdxsrq26oE=
google.golang.org/genproto v0.0.0-20190522204451-c2c4e71fbf69 h1:4rNOqY4ULrKzS6twXa619uQgI7h9PaVd4ZhjFQ7C5zs=
google.golang.org/genproto v0.0.0-20190522204451-c2c4e71fbf69/go.mod h1:z3L6/3dTEVtUr6QSP8miRzeRqwQOioJ9I66odjN4I7s=
google.golang.org/grpc v1.19.0/go.mod h1:mqu4LbDTu4XGKhr4mRzUsmM4RtVoemTSY81AxZiDr8c=
google.golang.org/grpc v1.20.1 h1:Hz2g2wirWK7H0qIIhGIqRGTuMwTE8HEKFnDZZ7lm9NU=
google.golang.org/grpc v1.20.1/go.mod h1:10oTOabMzJvdu6/UiuZezV6QK5dSlG84ov/aaiqXj38=
google.golang.org/grpc v1.21.0 h1:G+97AoqBnmZIT91cLG/EkCoK9NSelj64P8bOHHNmGn0=
google.golang.org/grpc v1.21.0/go.mod h1:oYelfM1adQP15Ek0mdvEgi9Df8B9CZIaU1084ijfRaM=
gopkg.in/DataDog/dd-trace-go.v1 v1.14.0 h1:p/8j8WV6HC+6c99FMWIPrPPs+PiXU/ShrBxHbO8S8V0=
gopkg.in/DataDog/dd-trace-go.v1 v1.14.0/go.mod h1:DVp8HmDh8PuTu2Z0fVVlBsyWaC++fzwVCaGWylTe3tg=
gopkg.in/check.v1 v0.0.0-20161208181325-20d25e280405/go.mod h1:Co6ibVJAznAaIkqp8huTwlJQCZ016jof/cbN4VW5Yz0=
gopkg.in/check.v1 v1.0.0-20180628173108-788fd7840127 h1:qIbj1fsPNlZgppZ+VLlY7N33q108Sa+fhmuc+sWQYwY=
gopkg.in/check.v1 v1.0.0-20180628173108-788fd7840127/go.mod h1:Co6ibVJAznAaIkqp8huTwlJQCZ016jof/cbN4VW5Yz0=
gopkg.in/yaml.v2 v2.2.2 h1:ZCJp+EgiOT7lHqUV2J862kp8Qj64Jo6az82+3Td9dZw=
gopkg.in/yaml.v2 v2.2.2/go.mod h1:hI93XBmqTisBFMUTm0b8Fm+jr3Dg1NNxqwp+5A1VGuI=
gopkg.in/yaml.v3 v3.0.0-20190409140830-cdc409dda467 h1:w3VhdSYz2sIVz54Ta/eDCCfCQ4fQkDgRxMACggArIUw=
gopkg.in/yaml.v3 v3.0.0-20190409140830-cdc409dda467/go.mod h1:K4uyk7z7BCEPqu6E+C64Yfv1cQ7kz7rIZviUmN+EgEM=
honnef.co/go/tools v0.0.0-20190102054323-c2f93a96b099/go.mod h1:rf3lG4BRIbNafJWhAfAdb/ePZxsR/4RtNHQocxwk9r4=
honnef.co/go/tools v0.0.0-20190106161140-3f1c8253044a/go.mod h1:rf3lG4BRIbNafJWhAfAdb/ePZxsR/4RtNHQocxwk9r4=
