# This file is autogenerated, do not edit; changes may be undone by the next 'dep ensure'.


[[projects]]
  name = "github.com/cweill/gotests"
  packages = [
    ".",
    "gotests/process",
    "internal/goparser",
    "internal/input",
    "internal/models",
    "internal/output",
    "internal/render",
    "internal/render/bindata"
  ]
  revision = "3ba09dc73ae80f33b61c8a1e7f5ab3ca803d3320"

[[projects]]
  name = "github.com/davecgh/go-spew"
  packages = ["spew"]
  revision = "346938d642f2ec3594ed81d874461961cd0faa76"
  version = "v1.1.0"

[[projects]]
  name = "github.com/derekparker/delve"
  packages = [
    "pkg/config",
    "pkg/dwarf/frame",
    "pkg/dwarf/line",
    "pkg/dwarf/op",
    "pkg/dwarf/reader",
    "pkg/dwarf/util",
    "pkg/proc",
    "pkg/target",
    "pkg/terminal",
    "service",
    "service/api",
    "service/debugger",
    "service/rpc2"
  ]
  revision = "92dad944d7e0c1e0affb64d7a45e9ce8c5704fe5"

[[projects]]
  branch = "v2"
  name = "github.com/go-yaml/yaml"
  packages = ["."]
  revision = "25c4ec802a7d637f88d584ab26798e94ad14c13b"

[[projects]]
  branch = "master"
  name = "github.com/golang/lint"
  packages = ["."]
  revision = "f635bddafc7154957bd70209ee858a4b97e64a9b"

[[projects]]
  name = "github.com/google/gops"
  packages = [
    "agent",
    "internal",
    "signal"
  ]
  revision = "62f833fc9f6c4d3223bdb37bd0c2f8951bed8596"

[[projects]]
  name = "github.com/kardianos/osext"
  packages = ["."]
  revision = "9d302b58e975387d0b4d9be876622c86cefe64be"

[[projects]]
  name = "github.com/mattn/go-colorable"
  packages = ["."]
  revision = "ded68f7a9561c023e790de24279db7ebf473ea80"

[[projects]]
  name = "github.com/mattn/go-isatty"
  packages = ["."]
  revision = "0360b2af4f38e8d38c7fce2a9f4e702702d73a39"
  version = "v0.0.3"

[[projects]]
  branch = "master"
  name = "github.com/motemen/go-astmanip"
  packages = ["."]
  revision = "d6ad31f02153082f74e488284fdae6730e055a44"

[[projects]]
  branch = "master"
  name = "github.com/neovim/go-client"
  packages = [
    "msgpack",
    "msgpack/rpc",
    "nvim",
    "nvim/plugin"
  ]
  revision = "1c2696a88048c01a46c9c6be486ee0ded23beb91"

[[projects]]
  name = "github.com/peterh/liner"
  packages = ["."]
  revision = "88609521dc4b6c858fd4c98b628147da928ce4ac"

[[projects]]
  name = "github.com/pkg/errors"
  packages = ["."]
  revision = "ff09b135c25aae272398c51a07235b90a75aa4f0"

[[projects]]
  branch = "master"
  name = "github.com/zchee/go-xdgbasedir"
  packages = [
    ".",
    "home"
  ]
  revision = "e894686011046080875db61fdaaa3ef31163df72"

[[projects]]
  name = "go.uber.org/atomic"
  packages = ["."]
  revision = "8474b86a5a6f79c443ce4b2992817ff32cf208b8"
  version = "v1.3.1"

[[projects]]
  branch = "master"
  name = "go.uber.org/multierr"
  packages = ["."]
  revision = "fb7d312c2c04c34f0ad621048bbb953b168f9ff6"

[[projects]]
  branch = "master"
  name = "go.uber.org/zap"
  packages = [
    ".",
    "buffer",
    "internal/bufferpool",
    "internal/color",
    "internal/exit",
    "zapcore"
  ]
  revision = "f85c78b1dd998214c5f2138155b320a4a43fbe36"

[[projects]]
  name = "golang.org/x/arch"
  packages = ["x86/x86asm"]
  revision = "58ea1a195b1a354bcd572b7ef6bbbd264dc63732"

[[projects]]
  name = "golang.org/x/debug"
  packages = [
    "dwarf",
    "elf",
    "macho"
  ]
  revision = "fb508927b491eca48a708e9d000fdb7afa53c32b"

[[projects]]
  name = "golang.org/x/sync"
  packages = ["syncmap"]
  revision = "de49d9dcd27d4f764488181bea099dfe6179bcf0"

[[projects]]
  name = "golang.org/x/sys"
  packages = [
    "unix",
    "windows"
  ]
  revision = "f3918c30c5c2cb527c0b071a27c35120a6c0719a"

[[projects]]
  branch = "master"
  name = "golang.org/x/tools"
  packages = [
    "cmd/guru",
    "cmd/guru/serial",
    "container/intsets",
    "go/ast/astutil",
    "go/buildutil",
    "go/callgraph",
    "go/callgraph/static",
    "go/gcexportdata",
    "go/gcimporter15",
    "go/loader",
    "go/pointer",
    "go/ssa",
    "go/ssa/ssautil",
    "go/types/typeutil",
    "imports",
    "refactor/importgraph",
    "refactor/rename",
    "refactor/satisfy"
  ]
  revision = "f271d7a0f8cf389f3ee4f6bf8d68e716a60ea571"

[[projects]]
  branch = "v2"
  name = "gopkg.in/yaml.v2"
  packages = ["."]
  revision = "cd8b52f8269e0feb286dfeef29f8fe4d5b397e0b"

[solve-meta]
  analyzer-name = "dep"
  analyzer-version = 1
  inputs-digest = "5a3545771391741bec627290d2a9a63dc2d585ca87c5c415e2153defcacd814f"
  solver-name = "gps-cdcl"
  solver-version = 1
