# This file is autogenerated, do not edit; changes may be undone by the next 'dep ensure'.


[[projects]]
  digest = "1:8186a45f32e5576f83efd7b0e63992ce7330f43dcaf1deede3b3df656f2390b2"
  name = "cloud.google.com/go"
  packages = [
    "compute/metadata",
    "errorreporting",
    "errorreporting/apiv1beta1",
    "internal/version",
    "monitoring/apiv3",
    "profiler",
    "trace/apiv2",
  ]
  pruneopts = "NUT"
  revision = "0ebda48a7f143b1cce9eb37a8c1106ac762a3430"
  version = "v0.34.0"

[[projects]]
  branch = "master"
  digest = "1:85d28f257179d9d312aa71646c44bd70488990b6b2e86fcd34297458add6b2d2"
  name = "contrib.go.opencensus.io/exporter/ocagent"
  packages = ["."]
  pruneopts = "NUT"
  revision = "48c455c8df39b57f163cd1ee0445a7952ac295e9"

[[projects]]
  branch = "master"
  digest = "1:b5f5089e3c919ed9f862c8b47eeb0af5c98c8b936af0b5e985e51d67f1adbb8a"
  name = "contrib.go.opencensus.io/exporter/stackdriver"
  packages = [
    ".",
    "monitoredresource",
  ]
  pruneopts = "NUT"
  revision = "899e456273f5c46d23aef8f0c66e899d7d1e17f4"

[[projects]]
  digest = "1:61490ab88e24f6fa24da3045a4ed8e0eef5ba98c8c5b89b116f4e1fb6c958ffc"
  name = "github.com/aws/aws-sdk-go"
  packages = [
    "aws",
    "aws/awserr",
    "aws/awsutil",
    "aws/client",
    "aws/client/metadata",
    "aws/corehandlers",
    "aws/credentials",
    "aws/credentials/ec2rolecreds",
    "aws/credentials/endpointcreds",
    "aws/credentials/stscreds",
    "aws/csm",
    "aws/defaults",
    "aws/ec2metadata",
    "aws/endpoints",
    "aws/request",
    "aws/session",
    "aws/signer/v4",
    "internal/ini",
    "internal/sdkio",
    "internal/sdkrand",
    "internal/sdkuri",
    "internal/shareddefaults",
    "private/protocol",
    "private/protocol/query",
    "private/protocol/query/queryutil",
    "private/protocol/rest",
    "private/protocol/xml/xmlutil",
    "service/sts",
  ]
  pruneopts = "NUT"
  revision = "ddc06f9fad886ea5daa5f828f3ca094084f8c2a7"
  version = "v1.15.90"

[[projects]]
  digest = "1:65b0d980b428a6ad4425f2df4cd5410edd81f044cf527bd1c345368444649e58"
  name = "github.com/census-instrumentation/opencensus-proto"
  packages = [
    "gen-go/agent/common/v1",
    "gen-go/agent/trace/v1",
    "gen-go/resource/v1",
    "gen-go/trace/v1",
  ]
  pruneopts = "NUT"
  revision = "7f2434bc10da710debe5c4315ed6d4df454b4024"
  version = "v0.1.0"

[[projects]]
  branch = "master"
  digest = "1:58e4b5c0a0778c47c7ce5b73df6687b5962994e30971dc4786297baf6da34050"
  name = "github.com/cweill/gotests"
  packages = [
    ".",
    "gotests/process",
    "internal/goparser",
    "internal/input",
    "internal/models",
    "internal/output",
    "internal/render",
    "internal/render/bindata",
  ]
  pruneopts = "NUT"
  revision = "276664f3b507425723807b6ac2cfd12ae7794349"

[[projects]]
  branch = "master"
  digest = "1:ffe9824d294da03b391f44e1ae8281281b4afc1bdaa9588c9097785e3af10cec"
  name = "github.com/davecgh/go-spew"
  packages = ["spew"]
  pruneopts = "NUT"
  revision = "d8f796af33cc11cb798c1aaeb27a4ebc5099927d"

[[projects]]
  digest = "1:1cad4cc6d25237c4d3d9b160dc9355f96b568ca346869f346b88554ad1be3c8b"
  name = "github.com/derekparker/delve"
  packages = [
    "pkg/config",
    "pkg/dwarf/frame",
    "pkg/dwarf/line",
    "pkg/dwarf/op",
    "pkg/dwarf/reader",
    "pkg/dwarf/util",
    "pkg/proc",
    "pkg/target",
    "pkg/terminal",
    "service",
    "service/api",
    "service/debugger",
    "service/rpc2",
  ]
  pruneopts = "NUT"
  revision = "92dad944d7e0c1e0affb64d7a45e9ce8c5704fe5"

[[projects]]
  branch = "master"
  digest = "1:ade392a843b2035effb4b4a2efa2c3bab3eb29b992e98bacf9c898b0ecb54e45"
  name = "github.com/fatih/color"
  packages = ["."]
  pruneopts = "NUT"
  revision = "3f9d52f7176a6927daacff70a3e8d1dc2025c53e"

[[projects]]
  digest = "1:4dacf728c83400b3e9d1d3025dd3c1e93e9a1b033726d1b193dc209f3fa9cb7a"
  name = "github.com/golang/protobuf"
  packages = [
    "proto",
    "protoc-gen-go/descriptor",
    "ptypes",
    "ptypes/any",
    "ptypes/duration",
    "ptypes/empty",
    "ptypes/struct",
    "ptypes/timestamp",
    "ptypes/wrappers",
  ]
  pruneopts = "NUT"
  revision = "aa810b61a9c79d51363740d207bb46cf8e620ed5"
  version = "v1.2.0"

[[projects]]
  branch = "master"
  digest = "1:223930d9167ddfe6588371dfe80931c2885487e4dfbf443783e30d8cee24841e"
  name = "github.com/google/go-cmp"
  packages = [
    "cmp",
    "cmp/internal/diff",
    "cmp/internal/function",
    "cmp/internal/value",
  ]
  pruneopts = "NUT"
  revision = "2248b49eaa8e1c8c0963ee77b40841adbc19d4ca"

[[projects]]
  branch = "master"
  digest = "1:aebccac5eae98c77bbdf314428fb06ec1c1b4bee91589c3624d7facba176b8a6"
  name = "github.com/google/gops"
  packages = [
    "agent",
    "internal",
    "signal",
  ]
  pruneopts = "NUT"
  revision = "f341a40f99ec27eb59f219922de4c5f8369251a1"

[[projects]]
  branch = "master"
  digest = "1:089d56c0adb79140365b5c86815ce97233986da6f3a525c6b706773e4b83876f"
  name = "github.com/google/pprof"
  packages = ["profile"]
  pruneopts = "NUT"
  revision = "b4f47329b966aba6be4255b2fc50f9dbd8260416"

[[projects]]
  digest = "1:fb9f5147a9d6fc69057d05b0739bcd79562c55db143c3bdacfe1c9c6129461f6"
  name = "github.com/googleapis/gax-go"
  packages = ["."]
  pruneopts = "NUT"
  revision = "b001040cd31805261cbd978842099e326dfa857b"
  version = "v2.0.2"

[[projects]]
  branch = "master"
  digest = "1:8c247514444ae0d10babf805093a3eb97cd5d859acf22e1b9118a7470199dc2e"
  name = "github.com/haya14busa/errorformat"
  packages = ["."]
  pruneopts = "NUT"
  revision = "689b7d67b7a82a9cae3d8bfcfa0f6f4b5790b88a"

[[projects]]
  branch = "master"
  digest = "1:cf2c287654d68f9682cec66d8130148ff32c1a6a404ceed4dfbe166100f13740"
  name = "github.com/hokaccha/go-prettyjson"
  packages = ["."]
  pruneopts = "NUT"
  revision = "f579f869bbfea48a61fbea09207cadd1aaeceb83"

[[projects]]
  digest = "1:ac6d01547ec4f7f673311b4663909269bfb8249952de3279799289467837c3cc"
  name = "github.com/jmespath/go-jmespath"
  packages = ["."]
  pruneopts = "NUT"
  revision = "0b12d6b5"

[[projects]]
  branch = "master"
  digest = "1:263f9b0a0bcbfff9d5e7d9f2aa11f53995d98214fe0fb97e429e7a5f4534a0f9"
  name = "github.com/kardianos/osext"
  packages = ["."]
  pruneopts = "NUT"
  revision = "ae77be60afb1dcacde03767a8c37337fad28ac14"

[[projects]]
  branch = "master"
  digest = "1:d0e2ccec526fe3d27ee8a5304146afb0ea4c3d0dcad0aec1cdcd0a46bf7608d9"
  name = "github.com/kelseyhightower/envconfig"
  packages = ["."]
  pruneopts = "NUT"
  revision = "dd1402a4d99de9ac2f396cd6fcb957bc2c695ec1"

[[projects]]
  digest = "1:08c231ec84231a7e23d67e4b58f975e1423695a32467a362ee55a803f9de8061"
  name = "github.com/mattn/go-colorable"
  packages = ["."]
  pruneopts = "NUT"
  revision = "167de6bfdfba052fa6b2d3664c8f5272e23c9072"
  version = "v0.0.9"

[[projects]]
  digest = "1:bffa444ca07c69c599ae5876bc18b25bfd5fa85b297ca10a25594d284a7e9c5d"
  name = "github.com/mattn/go-isatty"
  packages = ["."]
  pruneopts = "NUT"
  revision = "6ca4dbf54d38eea1a992b3c722a76a5d1c4cb25c"
  version = "v0.0.4"

[[projects]]
  digest = "1:bff482b22ebed387378546ba6a7850fdef87fd47f8ee58a7c62124a8e889a56b"
  name = "github.com/mattn/go-runewidth"
  packages = ["."]
  pruneopts = "NUT"
  revision = "ce7b0b5c7b45a81508558cd1dba6bb1e4ddb51bb"
  version = "v0.0.3"

[[projects]]
  branch = "master"
  digest = "1:4fd7047833579800a9afc018b9ee880db6bca159e515946a535664200c307e7c"
  name = "github.com/motemen/go-astmanip"
  packages = ["."]
  pruneopts = "NUT"
  revision = "d6ad31f02153082f74e488284fdae6730e055a44"

[[projects]]
  branch = "api/0ce8800"
  digest = "1:bc1592d61ef8bdc810b229bc4b454d8746dfb7798c0a0b3eb525e01a40a717f8"
  name = "github.com/neovim/go-client"
  packages = [
    "msgpack",
    "msgpack/rpc",
    "nvim",
    "nvim/plugin",
  ]
  pruneopts = "NUT"
  revision = "cb423a764808f89df640f82591934e936663fe22"

[[projects]]
  digest = "1:657ac55eff70ffd654b39f04bc3731105a3135a8f5529a7de5963ba03df5ef4f"
  name = "github.com/peterh/liner"
  packages = ["."]
  pruneopts = "NUT"
  revision = "5a0dfa99e2aa1d433a9642e863da51402e609376"
  version = "v1.1.0"

[[projects]]
  branch = "master"
  digest = "1:75386ee8a7a1b23cef8dc0d18f689834706742fd18c3046b6d7186a4e9c18c37"
  name = "github.com/pkg/errors"
  packages = ["."]
  pruneopts = "NUT"
  revision = "059132a15dd08d6704c67711dae0cf35ab991756"

[[projects]]
  digest = "1:37a83c5cc07c55375a3cf488a2c9b513536302531b3156cd7c89fa6abaaeab9c"
  name = "github.com/zchee/go-xdgbasedir"
  packages = [
    ".",
    "home",
  ]
  pruneopts = "NUT"
  revision = "b7e1ead582417dcef9ee9e572e9bec94284a7709"
  version = "v1.0.3"

[[projects]]
  digest = "1:5622c6893f87955f945c430461d41ebf6e26498214559cbaf93d284e2c8e9047"
  name = "go.opencensus.io"
  packages = [
    ".",
    "exemplar",
    "internal",
    "internal/tagencoding",
    "plugin/ocgrpc",
    "plugin/ochttp",
    "plugin/ochttp/propagation/b3",
    "stats",
    "stats/internal",
    "stats/view",
    "tag",
    "trace",
    "trace/internal",
    "trace/propagation",
    "trace/tracestate",
  ]
  pruneopts = "NUT"
  revision = "b7bf3cdb64150a8c8c53b769fdeb2ba581bd4d4b"
  version = "v0.18.0"

[[projects]]
  branch = "master"
  digest = "1:cc9d86ec4e6e3bdf87e3a421273bfeed003cf8e21351c0302fe8b0eb7b10efe6"
  name = "go.uber.org/atomic"
  packages = ["."]
  pruneopts = "NUT"
  revision = "8dc6146f7569370a472715e178d8ae31172ee6da"

[[projects]]
  branch = "master"
  digest = "1:64e40bae99ad9825b13ed5f294ee921669bb5353e0a429dd5b24cd28af1ae5f2"
  name = "go.uber.org/multierr"
  packages = ["."]
  pruneopts = "NUT"
  revision = "ddea229ff1dff9e6fe8a6c0344ac73b09e81fce5"

[[projects]]
  branch = "master"
  digest = "1:85674ac609b704fd4e9f463553b6ffc3a3527a993ae0ba550eb56beaabdfe094"
  name = "go.uber.org/zap"
  packages = [
    ".",
    "buffer",
    "internal/bufferpool",
    "internal/color",
    "internal/exit",
    "zapcore",
  ]
  pruneopts = "NUT"
  revision = "67bc79d13d155c02fd008f721863ff8cc5f30659"

[[projects]]
  digest = "1:a1d8f6eaf9da2260f5acafc73c6ca46e3d93012c9a6498034f60f99c7ccecfe9"
  name = "golang.org/x/arch"
  packages = ["x86/x86asm"]
  pruneopts = "NUT"
  revision = "f40095975f84d35d3958310c8247b9fb5a17fcb5"

[[projects]]
  digest = "1:05a5df914fa7a9866697148189df34417bb06734b435bf6d315a1f50c9a901de"
  name = "golang.org/x/debug"
  packages = [
    "dwarf",
    "elf",
    "macho",
  ]
  pruneopts = "NUT"
  revision = "fb508927b491eca48a708e9d000fdb7afa53c32b"

[[projects]]
  branch = "master"
  digest = "1:0c01d3008eafbab151304412727a9a0e0d485a0aab83585bd8220099147f952f"
  name = "golang.org/x/lint"
  packages = ["."]
  pruneopts = "NUT"
  revision = "c67002cb31c3a748b7688c27f20d8358b4193582"

[[projects]]
  branch = "master"
  digest = "1:fe6c7d45580996cb78fa1e5eb1eadc9422c20ff0ca93a3862bd151f91ec6f240"
  name = "golang.org/x/net"
  packages = [
    "context",
    "context/ctxhttp",
    "http/httpguts",
    "http2",
    "http2/hpack",
    "idna",
    "internal/timeseries",
    "trace",
  ]
  pruneopts = "NUT"
  revision = "351d144fa1fc0bd934e2408202be0c29f25e35a0"

[[projects]]
  branch = "master"
  digest = "1:5364323a31838682c280a6bae0efe47991de96b9cbfeef4f27b3ca2353eb7ff8"
  name = "golang.org/x/oauth2"
  packages = [
    ".",
    "google",
    "internal",
    "jws",
    "jwt",
  ]
  pruneopts = "NUT"
  revision = "d668ce993890a79bda886613ee587a69dd5da7a6"

[[projects]]
  branch = "master"
  digest = "1:ebd82db07906ffa2afa3eba7ee448756bece986bc0ddaa1825c5fa308a690c63"
  name = "golang.org/x/sync"
  packages = [
    "errgroup",
    "semaphore",
    "syncmap",
  ]
  pruneopts = "NUT"
  revision = "42b317875d0fa942474b76e1b46a6060d720ae6e"

[[projects]]
  digest = "1:ac101458c978c8fb898c4eadb84e0b5e2bb6b5526d073ef4538be5bf54c6a207"
  name = "golang.org/x/sys"
  packages = [
    "unix",
    "windows",
  ]
  pruneopts = "NUT"
  revision = "f3918c30c5c2cb527c0b071a27c35120a6c0719a"

[[projects]]
  digest = "1:e7071ed636b5422cc51c0e3a6cebc229d6c9fffc528814b519a980641422d619"
  name = "golang.org/x/text"
  packages = [
    "collate",
    "collate/build",
    "internal/colltab",
    "internal/gen",
    "internal/tag",
    "internal/triegen",
    "internal/ucd",
    "language",
    "secure/bidirule",
    "transform",
    "unicode/bidi",
    "unicode/cldr",
    "unicode/norm",
    "unicode/rangetable",
  ]
  pruneopts = "NUT"
  revision = "f21a4dfb5e38f5895301dc265a8def02365cc3d0"
  version = "v0.3.0"

[[projects]]
  branch = "master"
  digest = "1:ddfdd7d3218e498ba307f2dfcd02d14a39a915db4ecc094c951efeb2d0e2b72b"
  name = "golang.org/x/tools"
  packages = [
    "cmd/guru/serial",
    "container/intsets",
    "cover",
    "go/ast/astutil",
    "go/buildutil",
    "go/callgraph",
    "go/callgraph/static",
    "go/gcexportdata",
    "go/internal/cgo",
    "go/internal/gcimporter",
    "go/loader",
    "go/packages",
    "go/pointer",
    "go/ssa",
    "go/ssa/ssautil",
    "go/types/typeutil",
    "imports",
    "internal/fastwalk",
    "internal/gopathwalk",
    "internal/semver",
    "refactor/importgraph",
    "refactor/rename",
    "refactor/satisfy",
  ]
  pruneopts = "NUT"
  revision = "22934f0fdb6201c132a3dc6120150dcb1646d74c"

[[projects]]
  branch = "master"
  digest = "1:9bf858e2511ad51304b55cb3616bda8eddfa8be47723085f3040f11737d8e929"
  name = "google.golang.org/api"
  packages = [
    "googleapi/transport",
    "internal",
    "iterator",
    "option",
    "support/bundler",
    "transport",
    "transport/grpc",
    "transport/http",
    "transport/http/internal/propagation",
  ]
  pruneopts = "NUT"
  revision = "6142e720c068c6cd71f2258e007ff1991572e1d5"

[[projects]]
  digest = "1:b400989fa9ecf8f825e9092d41c9779444afeda5d5ce7f5c9d4a9ca9d05c949c"
  name = "google.golang.org/appengine"
  packages = [
    ".",
    "internal",
    "internal/app_identity",
    "internal/base",
    "internal/datastore",
    "internal/log",
    "internal/modules",
    "internal/remote_api",
    "internal/socket",
    "internal/urlfetch",
    "socket",
    "urlfetch",
  ]
  pruneopts = "NUT"
  revision = "4a4468ece617fc8205e99368fa2200e9d1fad421"
  version = "v1.3.0"

[[projects]]
  branch = "master"
  digest = "1:cd6de0929a59e5b278f8cc1862cdcd4e0f6ffe4732b7af8811a75204cfa46249"
  name = "google.golang.org/genproto"
  packages = [
    "googleapis/api/annotations",
    "googleapis/api/distribution",
    "googleapis/api/label",
    "googleapis/api/metric",
    "googleapis/api/monitoredres",
    "googleapis/devtools/clouderrorreporting/v1beta1",
    "googleapis/devtools/cloudprofiler/v2",
    "googleapis/devtools/cloudtrace/v2",
    "googleapis/monitoring/v3",
    "googleapis/rpc/errdetails",
    "googleapis/rpc/status",
    "protobuf/field_mask",
  ]
  pruneopts = "NUT"
  revision = "bd91e49a0898e27abb88c339b432fa53d7497ac0"

[[projects]]
  digest = "1:40d377bfddee53c669db275071aa08b68d021941311580d902ab7c862d8741c1"
  name = "google.golang.org/grpc"
  packages = [
    ".",
    "balancer",
    "balancer/base",
    "balancer/roundrobin",
    "binarylog/grpc_binarylog_v1",
    "codes",
    "connectivity",
    "credentials",
    "credentials/internal",
    "credentials/oauth",
    "encoding",
    "encoding/proto",
    "grpclog",
    "internal",
    "internal/backoff",
    "internal/binarylog",
    "internal/channelz",
    "internal/envconfig",
    "internal/grpcrand",
    "internal/grpcsync",
    "internal/syscall",
    "internal/transport",
    "keepalive",
    "metadata",
    "naming",
    "peer",
    "resolver",
    "resolver/dns",
    "resolver/passthrough",
    "stats",
    "status",
    "tap",
  ]
  pruneopts = "NUT"
  revision = "df014850f6dee74ba2fc94874043a9f3f75fbfd8"
  version = "v1.17.0"

[[projects]]
  digest = "1:18108594151654e9e696b27b181b953f9a90b16bf14d253dd1b397b025a1487f"
  name = "gopkg.in/yaml.v2"
  packages = ["."]
  pruneopts = "NUT"
  revision = "51d6538a90f86fe93ac480b35f37b2be17fef232"
  version = "v2.2.2"

[solve-meta]
  analyzer-name = "dep"
  analyzer-version = 1
  input-imports = [
    "cloud.google.com/go/errorreporting",
    "cloud.google.com/go/profiler",
    "contrib.go.opencensus.io/exporter/ocagent",
    "contrib.go.opencensus.io/exporter/stackdriver",
    "github.com/cweill/gotests/gotests/process",
    "github.com/davecgh/go-spew/spew",
    "github.com/derekparker/delve/pkg/terminal",
    "github.com/derekparker/delve/service/api",
    "github.com/derekparker/delve/service/rpc2",
    "github.com/fatih/color",
    "github.com/google/go-cmp/cmp",
    "github.com/google/gops/agent",
    "github.com/haya14busa/errorformat",
    "github.com/hokaccha/go-prettyjson",
    "github.com/kelseyhightower/envconfig",
    "github.com/motemen/go-astmanip",
    "github.com/neovim/go-client/nvim",
    "github.com/neovim/go-client/nvim/plugin",
    "github.com/pkg/errors",
    "github.com/zchee/go-xdgbasedir",
    "go.opencensus.io/stats/view",
    "go.opencensus.io/trace",
    "go.uber.org/zap",
    "go.uber.org/zap/buffer",
    "go.uber.org/zap/zapcore",
    "golang.org/x/lint",
    "golang.org/x/sync/errgroup",
    "golang.org/x/sync/syncmap",
    "golang.org/x/sys/unix",
    "golang.org/x/tools/cmd/guru/serial",
    "golang.org/x/tools/cover",
    "golang.org/x/tools/go/ast/astutil",
    "golang.org/x/tools/go/buildutil",
    "golang.org/x/tools/go/callgraph",
    "golang.org/x/tools/go/callgraph/static",
    "golang.org/x/tools/go/loader",
    "golang.org/x/tools/go/pointer",
    "golang.org/x/tools/go/ssa",
    "golang.org/x/tools/go/ssa/ssautil",
    "golang.org/x/tools/go/types/typeutil",
    "golang.org/x/tools/imports",
    "golang.org/x/tools/refactor/importgraph",
    "golang.org/x/tools/refactor/rename",
    "gopkg.in/yaml.v2",
  ]
  solver-name = "gps-cdcl"
  solver-version = 1
