# This file is autogenerated, do not edit; changes may be undone by the next 'dep ensure'.


[[projects]]
  digest = "1:249b756679b9712d8940e2d2b11509e81f90f87831dc27df443773546b0aa8aa"
  name = "cloud.google.com/go"
  packages = [
    "compute/metadata",
    "errorreporting",
    "errorreporting/apiv1beta1",
    "internal/version",
    "monitoring/apiv3",
    "profiler",
    "trace/apiv2",
  ]
  pruneopts = "NUT"
  revision = "debcad1964693daf8ef4bc06292d7e828e075130"
  version = "v0.31.0"

[[projects]]
  branch = "master"
  digest = "1:c36708793e406ad461fa7eea17b66709088672f60161397d2b25ed97f1e440f5"
  name = "contrib.go.opencensus.io/exporter/stackdriver"
  packages = [
    ".",
    "monitoredresource",
  ]
  pruneopts = "NUT"
  revision = "65a75dfc67cb2100e2df6a2799a321ef8d259970"

[[projects]]
  digest = "1:27729f234ea06a64287ad9406f1a71d1183852906bb4ab7f484128e7d4d1071f"
  name = "github.com/aws/aws-sdk-go"
  packages = [
    "aws",
    "aws/awserr",
    "aws/awsutil",
    "aws/client",
    "aws/client/metadata",
    "aws/corehandlers",
    "aws/credentials",
    "aws/credentials/ec2rolecreds",
    "aws/credentials/endpointcreds",
    "aws/credentials/stscreds",
    "aws/csm",
    "aws/defaults",
    "aws/ec2metadata",
    "aws/endpoints",
    "aws/request",
    "aws/session",
    "aws/signer/v4",
    "internal/ini",
    "internal/sdkio",
    "internal/sdkrand",
    "internal/sdkuri",
    "internal/shareddefaults",
    "private/protocol",
    "private/protocol/query",
    "private/protocol/query/queryutil",
    "private/protocol/rest",
    "private/protocol/xml/xmlutil",
    "service/sts",
  ]
  pruneopts = "NUT"
  revision = "34ab03ee1a2b90b3baf97ff666397c8fb9b8714b"
  version = "v1.15.64"

[[projects]]
  branch = "master"
  digest = "1:eaa5f82b0cdb82f393c6725a82326909cb1c54502eb2816ffe05a7aa1a92bc42"
  name = "github.com/cweill/gotests"
  packages = [
    ".",
    "gotests/process",
    "internal/goparser",
    "internal/input",
    "internal/models",
    "internal/output",
    "internal/render",
    "internal/render/bindata",
  ]
  pruneopts = "NUT"
  revision = "c51312f508e7040f06d1eb174da68364155b1fc0"

[[projects]]
  branch = "master"
  digest = "1:ffe9824d294da03b391f44e1ae8281281b4afc1bdaa9588c9097785e3af10cec"
  name = "github.com/davecgh/go-spew"
  packages = ["spew"]
  pruneopts = "NUT"
  revision = "d8f796af33cc11cb798c1aaeb27a4ebc5099927d"

[[projects]]
  digest = "1:1cad4cc6d25237c4d3d9b160dc9355f96b568ca346869f346b88554ad1be3c8b"
  name = "github.com/derekparker/delve"
  packages = [
    "pkg/config",
    "pkg/dwarf/frame",
    "pkg/dwarf/line",
    "pkg/dwarf/op",
    "pkg/dwarf/reader",
    "pkg/dwarf/util",
    "pkg/proc",
    "pkg/target",
    "pkg/terminal",
    "service",
    "service/api",
    "service/debugger",
    "service/rpc2",
  ]
  pruneopts = "NUT"
  revision = "92dad944d7e0c1e0affb64d7a45e9ce8c5704fe5"

[[projects]]
  digest = "1:fcd865894ce87bcf6499e5d2db3526679e3ab1ae454f48070ebaf983efd20665"
  name = "github.com/fatih/camelcase"
  packages = ["."]
  pruneopts = "NUT"
  revision = "44e46d280b43ec1531bb25252440e34f1b800b65"
  version = "v1.0.0"

[[projects]]
  branch = "master"
  digest = "1:ade392a843b2035effb4b4a2efa2c3bab3eb29b992e98bacf9c898b0ecb54e45"
  name = "github.com/fatih/color"
  packages = ["."]
  pruneopts = "NUT"
  revision = "3f9d52f7176a6927daacff70a3e8d1dc2025c53e"

[[projects]]
  digest = "1:4dacf728c83400b3e9d1d3025dd3c1e93e9a1b033726d1b193dc209f3fa9cb7a"
  name = "github.com/golang/protobuf"
  packages = [
    "proto",
    "protoc-gen-go/descriptor",
    "ptypes",
    "ptypes/any",
    "ptypes/duration",
    "ptypes/empty",
    "ptypes/struct",
    "ptypes/timestamp",
    "ptypes/wrappers",
  ]
  pruneopts = "NUT"
  revision = "aa810b61a9c79d51363740d207bb46cf8e620ed5"
  version = "v1.2.0"

[[projects]]
  branch = "master"
  digest = "1:454e3619fafbc175dec90d254b9ddabafc6a42d3fd634e3f5f202756137fae10"
  name = "github.com/google/go-cmp"
  packages = [
    "cmp",
    "cmp/internal/diff",
    "cmp/internal/function",
    "cmp/internal/value",
  ]
  pruneopts = "NUT"
  revision = "875f8df8b7965f1eac1098d36d677f807ac0b49e"

[[projects]]
  branch = "master"
  digest = "1:089d56c0adb79140365b5c86815ce97233986da6f3a525c6b706773e4b83876f"
  name = "github.com/google/pprof"
  packages = ["profile"]
  pruneopts = "NUT"
  revision = "fde099a545debf81bf2a96a0ec13d7da2c2a6663"

[[projects]]
  digest = "1:fe852c57b4fc4d11e6ef79bce1e930ee2f2f7d148b370afef8f8d012a80960ea"
  name = "github.com/googleapis/gax-go"
  packages = ["."]
  pruneopts = "NUT"
  revision = "317e0006254c44a0ac427cc52a0e083ff0b9622f"
  version = "v2.0.0"

[[projects]]
  branch = "master"
  digest = "1:8c247514444ae0d10babf805093a3eb97cd5d859acf22e1b9118a7470199dc2e"
  name = "github.com/haya14busa/errorformat"
  packages = ["."]
  pruneopts = "NUT"
  revision = "689b7d67b7a82a9cae3d8bfcfa0f6f4b5790b88a"

[[projects]]
  branch = "master"
  digest = "1:cf2c287654d68f9682cec66d8130148ff32c1a6a404ceed4dfbe166100f13740"
  name = "github.com/hokaccha/go-prettyjson"
  packages = ["."]
  pruneopts = "NUT"
  revision = "f579f869bbfea48a61fbea09207cadd1aaeceb83"

[[projects]]
  digest = "1:ac6d01547ec4f7f673311b4663909269bfb8249952de3279799289467837c3cc"
  name = "github.com/jmespath/go-jmespath"
  packages = ["."]
  pruneopts = "NUT"
  revision = "0b12d6b5"

[[projects]]
  branch = "master"
  digest = "1:f1c9e12ea8f23a1c67bdbf2d75f8660ad79ef76ac5339c2dfc18d2d4ac955228"
  name = "github.com/lestrrat-go/config"
  packages = [
    "env",
    "env/internal/structtag",
  ]
  pruneopts = "NUT"
  revision = "356432950c1424cc75098192e334615987b44bec"

[[projects]]
  branch = "master"
  digest = "1:b9c8c629d0a86a2a1e59620e4e85d1e1f6e5ffe1deb3b140c7bafcfea3b62ce5"
  name = "github.com/lestrrat-go/pdebug"
  packages = ["."]
  pruneopts = "NUT"
  revision = "39f9a71bcabe9432cbdfe4d3d33f41988acd2ce6"

[[projects]]
  digest = "1:08c231ec84231a7e23d67e4b58f975e1423695a32467a362ee55a803f9de8061"
  name = "github.com/mattn/go-colorable"
  packages = ["."]
  pruneopts = "NUT"
  revision = "167de6bfdfba052fa6b2d3664c8f5272e23c9072"
  version = "v0.0.9"

[[projects]]
  digest = "1:bffa444ca07c69c599ae5876bc18b25bfd5fa85b297ca10a25594d284a7e9c5d"
  name = "github.com/mattn/go-isatty"
  packages = ["."]
  pruneopts = "NUT"
  revision = "6ca4dbf54d38eea1a992b3c722a76a5d1c4cb25c"
  version = "v0.0.4"

[[projects]]
  digest = "1:bff482b22ebed387378546ba6a7850fdef87fd47f8ee58a7c62124a8e889a56b"
  name = "github.com/mattn/go-runewidth"
  packages = ["."]
  pruneopts = "NUT"
  revision = "ce7b0b5c7b45a81508558cd1dba6bb1e4ddb51bb"
  version = "v0.0.3"

[[projects]]
  branch = "master"
  digest = "1:4fd7047833579800a9afc018b9ee880db6bca159e515946a535664200c307e7c"
  name = "github.com/motemen/go-astmanip"
  packages = ["."]
  pruneopts = "NUT"
  revision = "d6ad31f02153082f74e488284fdae6730e055a44"

[[projects]]
  branch = "api/a225374"
  digest = "1:cfff3a61ab5e24b4ece3030751697492afc76fe82e853a19fbbe903882711bb9"
  name = "github.com/neovim/go-client"
  packages = [
    "msgpack",
    "msgpack/rpc",
    "nvim",
    "nvim/plugin",
  ]
  pruneopts = "NUT"
  revision = "cf5a0096248b330126ebeed016d93c5edac94959"
  source = "github.com/zchee/go-client"

[[projects]]
  digest = "1:657ac55eff70ffd654b39f04bc3731105a3135a8f5529a7de5963ba03df5ef4f"
  name = "github.com/peterh/liner"
  packages = ["."]
  pruneopts = "NUT"
  revision = "5a0dfa99e2aa1d433a9642e863da51402e609376"
  version = "v1.1.0"

[[projects]]
  branch = "master"
  digest = "1:75386ee8a7a1b23cef8dc0d18f689834706742fd18c3046b6d7186a4e9c18c37"
  name = "github.com/pkg/errors"
  packages = ["."]
  pruneopts = "NUT"
  revision = "059132a15dd08d6704c67711dae0cf35ab991756"

[[projects]]
  digest = "1:37a83c5cc07c55375a3cf488a2c9b513536302531b3156cd7c89fa6abaaeab9c"
  name = "github.com/zchee/go-xdgbasedir"
  packages = [
    ".",
    "home",
  ]
  pruneopts = "NUT"
  revision = "b7e1ead582417dcef9ee9e572e9bec94284a7709"
  version = "v1.0.3"

[[projects]]
  digest = "1:5622c6893f87955f945c430461d41ebf6e26498214559cbaf93d284e2c8e9047"
  name = "go.opencensus.io"
  packages = [
    ".",
    "exemplar",
    "internal",
    "internal/tagencoding",
    "plugin/ocgrpc",
    "plugin/ochttp",
    "plugin/ochttp/propagation/b3",
    "stats",
    "stats/internal",
    "stats/view",
    "tag",
    "trace",
    "trace/internal",
    "trace/propagation",
    "trace/tracestate",
  ]
  pruneopts = "NUT"
  revision = "b7bf3cdb64150a8c8c53b769fdeb2ba581bd4d4b"
  version = "v0.18.0"

[[projects]]
  digest = "1:22f696cee54865fb8e9ff91df7b633f6b8f22037a8015253c6b6a71ca82219c7"
  name = "go.uber.org/atomic"
  packages = ["."]
  pruneopts = "NUT"
  revision = "1ea20fb1cbb1cc08cbd0d913a96dead89aa18289"
  version = "v1.3.2"

[[projects]]
  branch = "master"
  digest = "1:64e40bae99ad9825b13ed5f294ee921669bb5353e0a429dd5b24cd28af1ae5f2"
  name = "go.uber.org/multierr"
  packages = ["."]
  pruneopts = "NUT"
  revision = "ddea229ff1dff9e6fe8a6c0344ac73b09e81fce5"

[[projects]]
  branch = "master"
  digest = "1:85674ac609b704fd4e9f463553b6ffc3a3527a993ae0ba550eb56beaabdfe094"
  name = "go.uber.org/zap"
  packages = [
    ".",
    "buffer",
    "internal/bufferpool",
    "internal/color",
    "internal/exit",
    "zapcore",
  ]
  pruneopts = "NUT"
  revision = "67bc79d13d155c02fd008f721863ff8cc5f30659"

[[projects]]
  digest = "1:a1d8f6eaf9da2260f5acafc73c6ca46e3d93012c9a6498034f60f99c7ccecfe9"
  name = "golang.org/x/arch"
  packages = ["x86/x86asm"]
  pruneopts = "NUT"
  revision = "f40095975f84d35d3958310c8247b9fb5a17fcb5"

[[projects]]
  digest = "1:05a5df914fa7a9866697148189df34417bb06734b435bf6d315a1f50c9a901de"
  name = "golang.org/x/debug"
  packages = [
    "dwarf",
    "elf",
    "macho",
  ]
  pruneopts = "NUT"
  revision = "fb508927b491eca48a708e9d000fdb7afa53c32b"

[[projects]]
  branch = "master"
  digest = "1:0c01d3008eafbab151304412727a9a0e0d485a0aab83585bd8220099147f952f"
  name = "golang.org/x/lint"
  packages = ["."]
  pruneopts = "NUT"
  revision = "c67002cb31c3a748b7688c27f20d8358b4193582"

[[projects]]
  branch = "master"
  digest = "1:3033eba8bb0c8f2c6720e68e4c14e55b577ae9debb5f5b7b8cc6f319d89edc82"
  name = "golang.org/x/net"
  packages = [
    "context",
    "context/ctxhttp",
    "http/httpguts",
    "http2",
    "http2/hpack",
    "idna",
    "internal/timeseries",
    "trace",
  ]
  pruneopts = "NUT"
  revision = "9b4f9f5ad5197c79fd623a3638e70d8b26cef344"

[[projects]]
  branch = "master"
  digest = "1:b0fef33b00740f7eeb5198f67ee1642d8d2560e9b428df7fb5f69fb140f5c4d0"
  name = "golang.org/x/oauth2"
  packages = [
    ".",
    "google",
    "internal",
    "jws",
    "jwt",
  ]
  pruneopts = "NUT"
  revision = "9dcd33a902f40452422c2367fefcb95b54f9f8f8"

[[projects]]
  branch = "master"
  digest = "1:b0ab0230453b74000478e3bebfe5450a6887f7f1a5b5282d0fb33216c6c99d2f"
  name = "golang.org/x/sync"
  packages = [
    "errgroup",
    "semaphore",
    "syncmap",
  ]
  pruneopts = "NUT"
  revision = "1d60e4601c6fd243af51cc01ddf169918a5407ca"

[[projects]]
  digest = "1:ac101458c978c8fb898c4eadb84e0b5e2bb6b5526d073ef4538be5bf54c6a207"
  name = "golang.org/x/sys"
  packages = [
    "unix",
    "windows",
  ]
  pruneopts = "NUT"
  revision = "f3918c30c5c2cb527c0b071a27c35120a6c0719a"

[[projects]]
  digest = "1:e7071ed636b5422cc51c0e3a6cebc229d6c9fffc528814b519a980641422d619"
  name = "golang.org/x/text"
  packages = [
    "collate",
    "collate/build",
    "internal/colltab",
    "internal/gen",
    "internal/tag",
    "internal/triegen",
    "internal/ucd",
    "language",
    "secure/bidirule",
    "transform",
    "unicode/bidi",
    "unicode/cldr",
    "unicode/norm",
    "unicode/rangetable",
  ]
  pruneopts = "NUT"
  revision = "f21a4dfb5e38f5895301dc265a8def02365cc3d0"
  version = "v0.3.0"

[[projects]]
  branch = "master"
  digest = "1:123487ac51236d2da7d34fae7a37a963a3b32ac969da106075de03b6caf770dd"
  name = "golang.org/x/tools"
  packages = [
    "cmd/guru/serial",
    "container/intsets",
    "cover",
    "go/ast/astutil",
    "go/buildutil",
    "go/callgraph",
    "go/callgraph/static",
    "go/gcexportdata",
    "go/internal/cgo",
    "go/internal/gcimporter",
    "go/loader",
    "go/packages",
    "go/pointer",
    "go/ssa",
    "go/ssa/ssautil",
    "go/types/typeutil",
    "imports",
    "internal/fastwalk",
    "internal/gopathwalk",
    "internal/semver",
    "refactor/importgraph",
    "refactor/rename",
    "refactor/satisfy",
  ]
  pruneopts = "NUT"
  revision = "f60e5f99f0816fc2d9ecb338008ea420248d2943"

[[projects]]
  branch = "master"
  digest = "1:9403f312df79a1556f2529adff5718f2b29a0d806c7ab0637fd9e68e635a7f1b"
  name = "google.golang.org/api"
  packages = [
    "googleapi/transport",
    "internal",
    "iterator",
    "option",
    "support/bundler",
    "transport",
    "transport/grpc",
    "transport/http",
    "transport/http/internal/propagation",
  ]
  pruneopts = "NUT"
  revision = "511bab8e55decfbe784cd2d1868fa5cda62dc6c1"

[[projects]]
  digest = "1:300989288fc84e64d2230de8ece7a3f8aa8f5a688e75e26a186df1cba6b8cb5b"
  name = "google.golang.org/appengine"
  packages = [
    ".",
    "internal",
    "internal/app_identity",
    "internal/base",
    "internal/datastore",
    "internal/log",
    "internal/modules",
    "internal/remote_api",
    "internal/socket",
    "internal/urlfetch",
    "socket",
    "urlfetch",
  ]
  pruneopts = "NUT"
  revision = "ae0ab99deb4dc413a2b4bd6c8bdd0eb67f1e4d06"
  version = "v1.2.0"

[[projects]]
  branch = "master"
  digest = "1:5e07f8ccebf4df880a789a6f464172995ee97489e8094362591498a63f82b7d0"
  name = "google.golang.org/genproto"
  packages = [
    "googleapis/api/annotations",
    "googleapis/api/distribution",
    "googleapis/api/label",
    "googleapis/api/metric",
    "googleapis/api/monitoredres",
    "googleapis/devtools/clouderrorreporting/v1beta1",
    "googleapis/devtools/cloudprofiler/v2",
    "googleapis/devtools/cloudtrace/v2",
    "googleapis/monitoring/v3",
    "googleapis/rpc/errdetails",
    "googleapis/rpc/status",
    "protobuf/field_mask",
  ]
  pruneopts = "NUT"
  revision = "8b5d7a19e2d98fbad9aaf9c599776bf066d7c70f"

[[projects]]
  digest = "1:f16e8193cfe5fdd5b3d62c2d22f4a6bf0a08c61f99d78b54e16f780a9db4f923"
  name = "google.golang.org/grpc"
  packages = [
    ".",
    "balancer",
    "balancer/base",
    "balancer/roundrobin",
    "codes",
    "connectivity",
    "credentials",
    "credentials/oauth",
    "encoding",
    "encoding/proto",
    "grpclog",
    "internal",
    "internal/backoff",
    "internal/channelz",
    "internal/envconfig",
    "internal/grpcrand",
    "internal/transport",
    "keepalive",
    "metadata",
    "naming",
    "peer",
    "resolver",
    "resolver/dns",
    "resolver/passthrough",
    "stats",
    "status",
    "tap",
  ]
  pruneopts = "NUT"
  revision = "2e463a05d100327ca47ac218281906921038fd95"
  version = "v1.16.0"

[[projects]]
  digest = "1:7c95b35057a0ff2e19f707173cc1a947fa43a6eb5c4d300d196ece0334046082"
  name = "gopkg.in/yaml.v2"
  packages = ["."]
  pruneopts = "NUT"
  revision = "5420a8b6744d3b0345ab293f6fcba19c978f1183"
  version = "v2.2.1"

[solve-meta]
  analyzer-name = "dep"
  analyzer-version = 1
  input-imports = [
    "cloud.google.com/go/errorreporting",
    "cloud.google.com/go/profiler",
    "contrib.go.opencensus.io/exporter/stackdriver",
    "github.com/cweill/gotests/gotests/process",
    "github.com/davecgh/go-spew/spew",
    "github.com/derekparker/delve/pkg/terminal",
    "github.com/derekparker/delve/service/api",
    "github.com/derekparker/delve/service/rpc2",
    "github.com/fatih/color",
    "github.com/google/go-cmp/cmp",
    "github.com/haya14busa/errorformat",
    "github.com/hokaccha/go-prettyjson",
    "github.com/lestrrat-go/config/env",
    "github.com/motemen/go-astmanip",
    "github.com/neovim/go-client/nvim",
    "github.com/neovim/go-client/nvim/plugin",
    "github.com/pkg/errors",
    "github.com/zchee/go-xdgbasedir",
    "go.opencensus.io/stats/view",
    "go.opencensus.io/trace",
    "go.uber.org/zap",
    "go.uber.org/zap/buffer",
    "go.uber.org/zap/zapcore",
    "golang.org/x/lint",
    "golang.org/x/sync/errgroup",
    "golang.org/x/sync/syncmap",
    "golang.org/x/tools/cmd/guru/serial",
    "golang.org/x/tools/cover",
    "golang.org/x/tools/go/ast/astutil",
    "golang.org/x/tools/go/buildutil",
    "golang.org/x/tools/go/callgraph",
    "golang.org/x/tools/go/callgraph/static",
    "golang.org/x/tools/go/loader",
    "golang.org/x/tools/go/pointer",
    "golang.org/x/tools/go/ssa",
    "golang.org/x/tools/go/ssa/ssautil",
    "golang.org/x/tools/go/types/typeutil",
    "golang.org/x/tools/imports",
    "golang.org/x/tools/refactor/importgraph",
    "golang.org/x/tools/refactor/rename",
    "gopkg.in/yaml.v2",
  ]
  solver-name = "gps-cdcl"
  solver-version = 1
